
Microsoft Visual Studio Solution File, Format Version 12.00
# Visual Studio Version 18
VisualStudioVersion = 18.4.11626.88
MinimumVisualStudioVersion = 10.0.40219.1
Project("{2150E333-8FDC-42A3-9474-1A3956D46DE8}") = "src", "src", "{3BCE93FF-0783-43E9-9894-DB0A193ABF17}"
EndProject
Project("{FAE04EC0-301F-11D3-BF4B-00C04F79EFBC}") = "MRC.Agendia.Domain", "src\MRC.Agendia.Domain\MRC.Agendia.Domain.csproj", "{2F961C05-AF7C-4D03-8EAE-FBF380ED5C2F}"
EndProject
Project("{FAE04EC0-301F-11D3-BF4B-00C04F79EFBC}") = "MRC.Agendia.Application", "src\MRC.Agendia.Application\MRC.Agendia.Application.csproj", "{B7C11179-25A4-4860-9449-7D649D993DC2}"
EndProject
Project("{FAE04EC0-301F-11D3-BF4B-00C04F79EFBC}") = "MRC.Agendia.Infrastructure", "src\MRC.Agendia.Infrastructure\MRC.Agendia.Infrastructure.csproj", "{244CE218-1B2F-4379-9DC7-AC07BFD769CF}"
EndProject
Project("{2150E333-8FDC-42A3-9474-1A3956D46DE8}") = "tests", "tests", "{AAE8D743-2BFA-4E4A-B113-8332F72DD47B}"
EndProject
Project("{FAE04EC0-301F-11D3-BF4B-00C04F79EFBC}") = "MRC.Agendia.Api", "src\MRC.Agendia.Api\MRC.Agendia.Api.csproj", "{BFBFCF97-4851-B68B-AF5B-1F60EC7CBF26}"
EndProject
Project("{FAE04EC0-301F-11D3-BF4B-00C04F79EFBC}") = "MRC.Agendia.Tests.Unit", "tests\MRC.Agendia.Tests.Unit\MRC.Agendia.Tests.Unit.csproj", "{E80FA8B7-D52F-4E5F-9A17-A72534902FB3}"
EndProject
Project("{FAE04EC0-301F-11D3-BF4B-00C04F79EFBC}") = "MRC.Agendia.Tests.Integration", "tests\MRC.Agendia.Tests.Integration\MRC.Agendia.Tests.Integration.csproj", "{C2DF1202-145A-4B75-9482-80D6F4D801DC}"
EndProject
Global
	GlobalSection(SolutionConfigurationPlatforms) = preSolution
		Debug|Any CPU = Debug|Any CPU
		Debug|x64 = Debug|x64
		Debug|x86 = Debug|x86
		Release|Any CPU = Release|Any CPU
		Release|x64 = Release|x64
		Release|x86 = Release|x86
	EndGlobalSection
	GlobalSection(ProjectConfigurationPlatforms) = postSolution
		{2F961C05-AF7C-4D03-8EAE-FBF380ED5C2F}.Debug|Any CPU.ActiveCfg = Debug|Any CPU
		{2F961C05-AF7C-4D03-8EAE-FBF380ED5C2F}.Debug|Any CPU.Build.0 = Debug|Any CPU
		{2F961C05-AF7C-4D03-8EAE-FBF380ED5C2F}.Debug|x64.ActiveCfg = Debug|Any CPU
		{2F961C05-AF7C-4D03-8EAE-FBF380ED5C2F}.Debug|x64.Build.0 = Debug|Any CPU
		{2F961C05-AF7C-4D03-8EAE-FBF380ED5C2F}.Debug|x86.ActiveCfg = Debug|Any CPU
		{2F961C05-AF7C-4D03-8EAE-FBF380ED5C2F}.Debug|x86.Build.0 = Debug|Any CPU
		{2F961C05-AF7C-4D03-8EAE-FBF380ED5C2F}.Release|Any CPU.ActiveCfg = Release|Any CPU
		{2F961C05-AF7C-4D03-8EAE-FBF380ED5C2F}.Release|Any CPU.Build.0 = Release|Any CPU
		{2F961C05-AF7C-4D03-8EAE-FBF380ED5C2F}.Release|x64.ActiveCfg = Release|Any CPU
		{2F961C05-AF7C-4D03-8EAE-FBF380ED5C2F}.Release|x64.Build.0 = Release|Any CPU
		{2F961C05-AF7C-4D03-8EAE-FBF380ED5C2F}.Release|x86.ActiveCfg = Release|Any CPU
		{2F961C05-AF7C-4D03-8EAE-FBF380ED5C2F}.Release|x86.Build.0 = Release|Any CPU
		{B7C11179-25A4-4860-9449-7D649D993DC2}.Debug|Any CPU.ActiveCfg = Debug|Any CPU
		{B7C11179-25A4-4860-9449-7D649D993DC2}.Debug|Any CPU.Build.0 = Debug|Any CPU
		{B7C11179-25A4-4860-9449-7D649D993DC2}.Debug|x64.ActiveCfg = Debug|Any CPU
		{B7C11179-25A4-4860-9449-7D649D993DC2}.Debug|x64.Build.0 = Debug|Any CPU
		{B7C11179-25A4-4860-9449-7D649D993DC2}.Debug|x86.ActiveCfg = Debug|Any CPU
		{B7C11179-25A4-4860-9449-7D649D993DC2}.Debug|x86.Build.0 = Debug|Any CPU
		{B7C11179-25A4-4860-9449-7D649D993DC2}.Release|Any CPU.ActiveCfg = Release|Any CPU
		{B7C11179-25A4-4860-9449-7D649D993DC2}.Release|Any CPU.Build.0 = Release|Any CPU
		{B7C11179-25A4-4860-9449-7D649D993DC2}.Release|x64.ActiveCfg = Release|Any CPU
		{B7C11179-25A4-4860-9449-7D649D993DC2}.Release|x64.Build.0 = Release|Any CPU
		{B7C11179-25A4-4860-9449-7D649D993DC2}.Release|x86.ActiveCfg = Release|Any CPU
		{B7C11179-25A4-4860-9449-7D649D993DC2}.Release|x86.Build.0 = Release|Any CPU
		{244CE218-1B2F-4379-9DC7-AC07BFD769CF}.Debug|Any CPU.ActiveCfg = Debug|Any CPU
		{244CE218-1B2F-4379-9DC7-AC07BFD769CF}.Debug|Any CPU.Build.0 = Debug|Any CPU
		{244CE218-1B2F-4379-9DC7-AC07BFD769CF}.Debug|x64.ActiveCfg = Debug|Any CPU
		{244CE218-1B2F-4379-9DC7-AC07BFD769CF}.Debug|x64.Build.0 = Debug|Any CPU
		{244CE218-1B2F-4379-9DC7-AC07BFD769CF}.Debug|x86.ActiveCfg = Debug|Any CPU
		{244CE218-1B2F-4379-9DC7-AC07BFD769CF}.Debug|x86.Build.0 = Debug|Any CPU
		{244CE218-1B2F-4379-9DC7-AC07BFD769CF}.Release|Any CPU.ActiveCfg = Release|Any CPU
		{244CE218-1B2F-4379-9DC7-AC07BFD769CF}.Release|Any CPU.Build.0 = Release|Any CPU
		{244CE218-1B2F-4379-9DC7-AC07BFD769CF}.Release|x64.ActiveCfg = Release|Any CPU
		{244CE218-1B2F-4379-9DC7-AC07BFD769CF}.Release|x64.Build.0 = Release|Any CPU
		{244CE218-1B2F-4379-9DC7-AC07BFD769CF}.Release|x86.ActiveCfg = Release|Any CPU
		{244CE218-1B2F-4379-9DC7-AC07BFD769CF}.Release|x86.Build.0 = Release|Any CPU
		{BFBFCF97-4851-B68B-AF5B-1F60EC7CBF26}.Debug|Any CPU.ActiveCfg = Debug|Any CPU
		{BFBFCF97-4851-B68B-AF5B-1F60EC7CBF26}.Debug|Any CPU.Build.0 = Debug|Any CPU
		{BFBFCF97-4851-B68B-AF5B-1F60EC7CBF26}.Debug|x64.ActiveCfg = Debug|Any CPU
		{BFBFCF97-4851-B68B-AF5B-1F60EC7CBF26}.Debug|x64.Build.0 = Debug|Any CPU
		{BFBFCF97-4851-B68B-AF5B-1F60EC7CBF26}.Debug|x86.ActiveCfg = Debug|Any CPU
		{BFBFCF97-4851-B68B-AF5B-1F60EC7CBF26}.Debug|x86.Build.0 = Debug|Any CPU
		{BFBFCF97-4851-B68B-AF5B-1F60EC7CBF26}.Release|Any CPU.ActiveCfg = Release|Any CPU
		{BFBFCF97-4851-B68B-AF5B-1F60EC7CBF26}.Release|Any CPU.Build.0 = Release|Any CPU
		{BFBFCF97-4851-B68B-AF5B-1F60EC7CBF26}.Release|x64.ActiveCfg = Release|Any CPU
		{BFBFCF97-4851-B68B-AF5B-1F60EC7CBF26}.Release|x64.Build.0 = Release|Any CPU
		{BFBFCF97-4851-B68B-AF5B-1F60EC7CBF26}.Release|x86.ActiveCfg = Release|Any CPU
		{BFBFCF97-4851-B68B-AF5B-1F60EC7CBF26}.Release|x86.Build.0 = Release|Any CPU
		{E80FA8B7-D52F-4E5F-9A17-A72534902FB3}.Debug|Any CPU.ActiveCfg = Debug|Any CPU
		{E80FA8B7-D52F-4E5F-9A17-A72534902FB3}.Debug|Any CPU.Build.0 = Debug|Any CPU
		{E80FA8B7-D52F-4E5F-9A17-A72534902FB3}.Debug|x64.ActiveCfg = Debug|Any CPU
		{E80FA8B7-D52F-4E5F-9A17-A72534902FB3}.Debug|x64.Build.0 = Debug|Any CPU
		{E80FA8B7-D52F-4E5F-9A17-A72534902FB3}.Debug|x86.ActiveCfg = Debug|Any CPU
		{E80FA8B7-D52F-4E5F-9A17-A72534902FB3}.Debug|x86.Build.0 = Debug|Any CPU
		{E80FA8B7-D52F-4E5F-9A17-A72534902FB3}.Release|Any CPU.ActiveCfg = Release|Any CPU
		{E80FA8B7-D52F-4E5F-9A17-A72534902FB3}.Release|Any CPU.Build.0 = Release|Any CPU
		{E80FA8B7-D52F-4E5F-9A17-A72534902FB3}.Release|x64.ActiveCfg = Release|Any CPU
		{E80FA8B7-D52F-4E5F-9A17-A72534902FB3}.Release|x64.Build.0 = Release|Any CPU
		{E80FA8B7-D52F-4E5F-9A17-A72534902FB3}.Release|x86.ActiveCfg = Release|Any CPU
		{E80FA8B7-D52F-4E5F-9A17-A72534902FB3}.Release|x86.Build.0 = Release|Any CPU
		{C2DF1202-145A-4B75-9482-80D6F4D801DC}.Debug|Any CPU.ActiveCfg = Debug|Any CPU
		{C2DF1202-145A-4B75-9482-80D6F4D801DC}.Debug|Any CPU.Build.0 = Debug|Any CPU
		{C2DF1202-145A-4B75-9482-80D6F4D801DC}.Debug|x64.ActiveCfg = Debug|Any CPU
		{C2DF1202-145A-4B75-9482-80D6F4D801DC}.Debug|x64.Build.0 = Debug|Any CPU
		{C2DF1202-145A-4B75-9482-80D6F4D801DC}.Debug|x86.ActiveCfg = Debug|Any CPU
		{C2DF1202-145A-4B75-9482-80D6F4D801DC}.Debug|x86.Build.0 = Debug|Any CPU
		{C2DF1202-145A-4B75-9482-80D6F4D801DC}.Release|Any CPU.ActiveCfg = Release|Any CPU
		{C2DF1202-145A-4B75-9482-80D6F4D801DC}.Release|Any CPU.Build.0 = Release|Any CPU
		{C2DF1202-145A-4B75-9482-80D6F4D801DC}.Release|x64.ActiveCfg = Release|Any CPU
		{C2DF1202-145A-4B75-9482-80D6F4D801DC}.Release|x64.Build.0 = Release|Any CPU
		{C2DF1202-145A-4B75-9482-80D6F4D801DC}.Release|x86.ActiveCfg = Release|Any CPU
		{C2DF1202-145A-4B75-9482-80D6F4D801DC}.Release|x86.Build.0 = Release|Any CPU
	EndGlobalSection
	GlobalSection(SolutionProperties) = preSolution
		HideSolutionNode = FALSE
	EndGlobalSection
	GlobalSection(NestedProjects) = preSolution
		{2F961C05-AF7C-4D03-8EAE-FBF380ED5C2F} = {3BCE93FF-0783-43E9-9894-DB0A193ABF17}
		{B7C11179-25A4-4860-9449-7D649D993DC2} = {3BCE93FF-0783-43E9-9894-DB0A193ABF17}
		{244CE218-1B2F-4379-9DC7-AC07BFD769CF} = {3BCE93FF-0783-43E9-9894-DB0A193ABF17}
		{BFBFCF97-4851-B68B-AF5B-1F60EC7CBF26} = {3BCE93FF-0783-43E9-9894-DB0A193ABF17}
		{E80FA8B7-D52F-4E5F-9A17-A72534902FB3} = {AAE8D743-2BFA-4E4A-B113-8332F72DD47B}
		{C2DF1202-145A-4B75-9482-80D6F4D801DC} = {AAE8D743-2BFA-4E4A-B113-8332F72DD47B}
	EndGlobalSection
	GlobalSection(ExtensibilityGlobals) = postSolution
		SolutionGuid = {FCA60840-1DDB-4702-B385-4B48BCC3AE36}
	EndGlobalSection
EndGlobal
