
Microsoft Visual Studio Solution File, Format Version 12.00
# Visual Studio Version 17
VisualStudioVersion = 17.12.35527.113
MinimumVisualStudioVersion = 10.0.40219.1
Project("{2150E333-8FDC-42A3-9474-1A3956D46DE8}") = "src", "src", "{3BCE93FF-0783-43E9-9894-DB0A193ABF17}"
EndProject
Project("{FAE04EC0-301F-11D3-BF4B-00C04F79EFBC}") = "MRC.Agendia.Domain", "src\MRC.Agendia.Domain\MRC.Agendia.Domain.csproj", "{2F961C05-AF7C-4D03-8EAE-FBF380ED5C2F}"
EndProject
Project("{FAE04EC0-301F-11D3-BF4B-00C04F79EFBC}") = "MRC.Agendia.Application", "src\MRC.Agendia.Application\MRC.Agendia.Application.csproj", "{B7C11179-25A4-4860-9449-7D649D993DC2}"
EndProject
Project("{FAE04EC0-301F-11D3-BF4B-00C04F79EFBC}") = "MRC.Agendia.Infrastructure", "src\MRC.Agendia.Infrastructure\MRC.Agendia.Infrastructure.csproj", "{244CE218-1B2F-4379-9DC7-AC07BFD769CF}"
EndProject
Project("{FAE04EC0-301F-11D3-BF4B-00C04F79EFBC}") = "MRC.Agendia.Shared", "src\MRC.Agendia.Shared\MRC.Agendia.Shared.csproj", "{9CA38446-45A3-4B26-9AC9-D33B54E16A5D}"
EndProject
Project("{2150E333-8FDC-42A3-9474-1A3956D46DE8}") = "tests", "tests", "{AAE8D743-2BFA-4E4A-B113-8332F72DD47B}"
EndProject
Project("{FAE04EC0-301F-11D3-BF4B-00C04F79EFBC}") = "MRC.Agendia.API.Tests", "tests\MRC.Agendia.API.Tests\MRC.Agendia.API.Tests.csproj", "{45C563AE-5036-4CEB-8FA1-ACCEEAB26495}"
EndProject
Project("{FAE04EC0-301F-11D3-BF4B-00C04F79EFBC}") = "MRC.Agendia.Api", "MRC.Agendia.Api\MRC.Agendia.Api.csproj", "{481C69BD-F6A7-4EB8-B315-EB9A1CC96F4A}"
EndProject
Global
	GlobalSection(SolutionConfigurationPlatforms) = preSolution
		Debug|Any CPU = Debug|Any CPU
		Debug|x64 = Debug|x64
		Debug|x86 = Debug|x86
		Release|Any CPU = Release|Any CPU
		Release|x64 = Release|x64
		Release|x86 = Release|x86
	EndGlobalSection
	GlobalSection(ProjectConfigurationPlatforms) = postSolution
		{2F961C05-AF7C-4D03-8EAE-FBF380ED5C2F}.Debug|Any CPU.ActiveCfg = Debug|Any CPU
		{2F961C05-AF7C-4D03-8EAE-FBF380ED5C2F}.Debug|Any CPU.Build.0 = Debug|Any CPU
		{2F961C05-AF7C-4D03-8EAE-FBF380ED5C2F}.Debug|x64.ActiveCfg = Debug|Any CPU
		{2F961C05-AF7C-4D03-8EAE-FBF380ED5C2F}.Debug|x64.Build.0 = Debug|Any CPU
		{2F961C05-AF7C-4D03-8EAE-FBF380ED5C2F}.Debug|x86.ActiveCfg = Debug|Any CPU
		{2F961C05-AF7C-4D03-8EAE-FBF380ED5C2F}.Debug|x86.Build.0 = Debug|Any CPU
		{2F961C05-AF7C-4D03-8EAE-FBF380ED5C2F}.Release|Any CPU.ActiveCfg = Release|Any CPU
		{2F961C05-AF7C-4D03-8EAE-FBF380ED5C2F}.Release|Any CPU.Build.0 = Release|Any CPU
		{2F961C05-AF7C-4D03-8EAE-FBF380ED5C2F}.Release|x64.ActiveCfg = Release|Any CPU
		{2F961C05-AF7C-4D03-8EAE-FBF380ED5C2F}.Release|x64.Build.0 = Release|Any CPU
		{2F961C05-AF7C-4D03-8EAE-FBF380ED5C2F}.Release|x86.ActiveCfg = Release|Any CPU
		{2F961C05-AF7C-4D03-8EAE-FBF380ED5C2F}.Release|x86.Build.0 = Release|Any CPU
		{B7C11179-25A4-4860-9449-7D649D993DC2}.Debug|Any CPU.ActiveCfg = Debug|Any CPU
		{B7C11179-25A4-4860-9449-7D649D993DC2}.Debug|Any CPU.Build.0 = Debug|Any CPU
		{B7C11179-25A4-4860-9449-7D649D993DC2}.Debug|x64.ActiveCfg = Debug|Any CPU
		{B7C11179-25A4-4860-9449-7D649D993DC2}.Debug|x64.Build.0 = Debug|Any CPU
		{B7C11179-25A4-4860-9449-7D649D993DC2}.Debug|x86.ActiveCfg = Debug|Any CPU
		{B7C11179-25A4-4860-9449-7D649D993DC2}.Debug|x86.Build.0 = Debug|Any CPU
		{B7C11179-25A4-4860-9449-7D649D993DC2}.Release|Any CPU.ActiveCfg = Release|Any CPU
		{B7C11179-25A4-4860-9449-7D649D993DC2}.Release|Any CPU.Build.0 = Release|Any CPU
		{B7C11179-25A4-4860-9449-7D649D993DC2}.Release|x64.ActiveCfg = Release|Any CPU
		{B7C11179-25A4-4860-9449-7D649D993DC2}.Release|x64.Build.0 = Release|Any CPU
		{B7C11179-25A4-4860-9449-7D649D993DC2}.Release|x86.ActiveCfg = Release|Any CPU
		{B7C11179-25A4-4860-9449-7D649D993DC2}.Release|x86.Build.0 = Release|Any CPU
		{244CE218-1B2F-4379-9DC7-AC07BFD769CF}.Debug|Any CPU.ActiveCfg = Debug|Any CPU
		{244CE218-1B2F-4379-9DC7-AC07BFD769CF}.Debug|Any CPU.Build.0 = Debug|Any CPU
		{244CE218-1B2F-4379-9DC7-AC07BFD769CF}.Debug|x64.ActiveCfg = Debug|Any CPU
		{244CE218-1B2F-4379-9DC7-AC07BFD769CF}.Debug|x64.Build.0 = Debug|Any CPU
		{244CE218-1B2F-4379-9DC7-AC07BFD769CF}.Debug|x86.ActiveCfg = Debug|Any CPU
		{244CE218-1B2F-4379-9DC7-AC07BFD769CF}.Debug|x86.Build.0 = Debug|Any CPU
		{244CE218-1B2F-4379-9DC7-AC07BFD769CF}.Release|Any CPU.ActiveCfg = Release|Any CPU
		{244CE218-1B2F-4379-9DC7-AC07BFD769CF}.Release|Any CPU.Build.0 = Release|Any CPU
		{244CE218-1B2F-4379-9DC7-AC07BFD769CF}.Release|x64.ActiveCfg = Release|Any CPU
		{244CE218-1B2F-4379-9DC7-AC07BFD769CF}.Release|x64.Build.0 = Release|Any CPU
		{244CE218-1B2F-4379-9DC7-AC07BFD769CF}.Release|x86.ActiveCfg = Release|Any CPU
		{244CE218-1B2F-4379-9DC7-AC07BFD769CF}.Release|x86.Build.0 = Release|Any CPU
		{9CA38446-45A3-4B26-9AC9-D33B54E16A5D}.Debug|Any CPU.ActiveCfg = Debug|Any CPU
		{9CA38446-45A3-4B26-9AC9-D33B54E16A5D}.Debug|Any CPU.Build.0 = Debug|Any CPU
		{9CA38446-45A3-4B26-9AC9-D33B54E16A5D}.Debug|x64.ActiveCfg = Debug|Any CPU
		{9CA38446-45A3-4B26-9AC9-D33B54E16A5D}.Debug|x64.Build.0 = Debug|Any CPU
		{9CA38446-45A3-4B26-9AC9-D33B54E16A5D}.Debug|x86.ActiveCfg = Debug|Any CPU
		{9CA38446-45A3-4B26-9AC9-D33B54E16A5D}.Debug|x86.Build.0 = Debug|Any CPU
		{9CA38446-45A3-4B26-9AC9-D33B54E16A5D}.Release|Any CPU.ActiveCfg = Release|Any CPU
		{9CA38446-45A3-4B26-9AC9-D33B54E16A5D}.Release|Any CPU.Build.0 = Release|Any CPU
		{9CA38446-45A3-4B26-9AC9-D33B54E16A5D}.Release|x64.ActiveCfg = Release|Any CPU
		{9CA38446-45A3-4B26-9AC9-D33B54E16A5D}.Release|x64.Build.0 = Release|Any CPU
		{9CA38446-45A3-4B26-9AC9-D33B54E16A5D}.Release|x86.ActiveCfg = Release|Any CPU
		{9CA38446-45A3-4B26-9AC9-D33B54E16A5D}.Release|x86.Build.0 = Release|Any CPU
		{45C563AE-5036-4CEB-8FA1-ACCEEAB26495}.Debug|Any CPU.ActiveCfg = Debug|Any CPU
		{45C563AE-5036-4CEB-8FA1-ACCEEAB26495}.Debug|Any CPU.Build.0 = Debug|Any CPU
		{45C563AE-5036-4CEB-8FA1-ACCEEAB26495}.Debug|x64.ActiveCfg = Debug|Any CPU
		{45C563AE-5036-4CEB-8FA1-ACCEEAB26495}.Debug|x64.Build.0 = Debug|Any CPU
		{45C563AE-5036-4CEB-8FA1-ACCEEAB26495}.Debug|x86.ActiveCfg = Debug|Any CPU
		{45C563AE-5036-4CEB-8FA1-ACCEEAB26495}.Debug|x86.Build.0 = Debug|Any CPU
		{45C563AE-5036-4CEB-8FA1-ACCEEAB26495}.Release|Any CPU.ActiveCfg = Release|Any CPU
		{45C563AE-5036-4CEB-8FA1-ACCEEAB26495}.Release|Any CPU.Build.0 = Release|Any CPU
		{45C563AE-5036-4CEB-8FA1-ACCEEAB26495}.Release|x64.ActiveCfg = Release|Any CPU
		{45C563AE-5036-4CEB-8FA1-ACCEEAB26495}.Release|x64.Build.0 = Release|Any CPU
		{45C563AE-5036-4CEB-8FA1-ACCEEAB26495}.Release|x86.ActiveCfg = Release|Any CPU
		{45C563AE-5036-4CEB-8FA1-ACCEEAB26495}.Release|x86.Build.0 = Release|Any CPU
		{481C69BD-F6A7-4EB8-B315-EB9A1CC96F4A}.Debug|Any CPU.ActiveCfg = Debug|Any CPU
		{481C69BD-F6A7-4EB8-B315-EB9A1CC96F4A}.Debug|Any CPU.Build.0 = Debug|Any CPU
		{481C69BD-F6A7-4EB8-B315-EB9A1CC96F4A}.Debug|x64.ActiveCfg = Debug|Any CPU
		{481C69BD-F6A7-4EB8-B315-EB9A1CC96F4A}.Debug|x64.Build.0 = Debug|Any CPU
		{481C69BD-F6A7-4EB8-B315-EB9A1CC96F4A}.Debug|x86.ActiveCfg = Debug|Any CPU
		{481C69BD-F6A7-4EB8-B315-EB9A1CC96F4A}.Debug|x86.Build.0 = Debug|Any CPU
		{481C69BD-F6A7-4EB8-B315-EB9A1CC96F4A}.Release|Any CPU.ActiveCfg = Release|Any CPU
		{481C69BD-F6A7-4EB8-B315-EB9A1CC96F4A}.Release|Any CPU.Build.0 = Release|Any CPU
		{481C69BD-F6A7-4EB8-B315-EB9A1CC96F4A}.Release|x64.ActiveCfg = Release|Any CPU
		{481C69BD-F6A7-4EB8-B315-EB9A1CC96F4A}.Release|x64.Build.0 = Release|Any CPU
		{481C69BD-F6A7-4EB8-B315-EB9A1CC96F4A}.Release|x86.ActiveCfg = Release|Any CPU
		{481C69BD-F6A7-4EB8-B315-EB9A1CC96F4A}.Release|x86.Build.0 = Release|Any CPU
	EndGlobalSection
	GlobalSection(SolutionProperties) = preSolution
		HideSolutionNode = FALSE
	EndGlobalSection
	GlobalSection(NestedProjects) = preSolution
		{2F961C05-AF7C-4D03-8EAE-FBF380ED5C2F} = {3BCE93FF-0783-43E9-9894-DB0A193ABF17}
		{B7C11179-25A4-4860-9449-7D649D993DC2} = {3BCE93FF-0783-43E9-9894-DB0A193ABF17}
		{244CE218-1B2F-4379-9DC7-AC07BFD769CF} = {3BCE93FF-0783-43E9-9894-DB0A193ABF17}
		{9CA38446-45A3-4B26-9AC9-D33B54E16A5D} = {3BCE93FF-0783-43E9-9894-DB0A193ABF17}
		{45C563AE-5036-4CEB-8FA1-ACCEEAB26495} = {AAE8D743-2BFA-4E4A-B113-8332F72DD47B}
		{481C69BD-F6A7-4EB8-B315-EB9A1CC96F4A} = {3BCE93FF-0783-43E9-9894-DB0A193ABF17}
	EndGlobalSection
EndGlobal
